// !$*UTF8*$!
{
	archiveVersion = 1;
	classes = {
	};
	objectVersion = 46;
	objects = {

/* Begin PBXBuildFile section */
		1571E95E1D11F16C00C7AF33 /* AppDelegate.swift in Sources */ = {isa = PBXBuildFile; fileRef = 1571E95D1D11F16C00C7AF33 /* AppDelegate.swift */; };
		1571E9601D11F16C00C7AF33 /* ViewController.swift in Sources */ = {isa = PBXBuildFile; fileRef = 1571E95F1D11F16C00C7AF33 /* ViewController.swift */; };
		1571E9631D11F16C00C7AF33 /* Main.storyboard in Resources */ = {isa = PBXBuildFile; fileRef = 1571E9611D11F16C00C7AF33 /* Main.storyboard */; };
		1571E9651D11F16C00C7AF33 /* Assets.xcassets in Resources */ = {isa = PBXBuildFile; fileRef = 1571E9641D11F16C00C7AF33 /* Assets.xcassets */; };
		1571E9681D11F16C00C7AF33 /* LaunchScreen.storyboard in Resources */ = {isa = PBXBuildFile; fileRef = 1571E9661D11F16C00C7AF33 /* LaunchScreen.storyboard */; };
/* End PBXBuildFile section */

/* Begin PBXFileReference section */
		1571E95A1D11F16C00C7AF33 /* WatchIt.app */ = {isa = PBXFileReference; explicitFileType = wrapper.application; includeInIndex = 0; path = WatchIt.app; sourceTree = BUILT_PRODUCTS_DIR; };
		1571E95D1D11F16C00C7AF33 /* AppDelegate.swift */ = {isa = PBXFileReference; lastKnownFileType = sourcecode.swift; path = AppDelegate.swift; sourceTree = "<group>"; };
		1571E95F1D11F16C00C7AF33 /* ViewController.swift */ = {isa = PBXFileReference; lastKnownFileType = sourcecode.swift; path = ViewController.swift; sourceTree = "<group>"; };
		1571E9621D11F16C00C7AF33 /* Base */ = {isa = PBXFileReference; lastKnownFileType = file.storyboard; name = Base; path = Base.lproj/Main.storyboard; sourceTree = "<group>"; };
		1571E9641D11F16C00C7AF33 /* Assets.xcassets */ = {isa = PBXFileReference; lastKnownFileType = folder.assetcatalog; path = Assets.xcassets; sourceTree = "<group>"; };
		1571E9671D11F16C00C7AF33 /* Base */ = {isa = PBXFileReference; lastKnownFileType = file.storyboard; name = Base; path = Base.lproj/LaunchScreen.storyboard; sourceTree = "<group>"; };
		1571E9691D11F16C00C7AF33 /* Info.plist */ = {isa = PBXFileReference; lastKnownFileType = text.plist.xml; path = Info.plist; sourceTree = "<group>"; };
/* End PBXFileReference section */

/* Begin PBXFrameworksBuildPhase section */
		1571E9571D11F16C00C7AF33 /* Frameworks */ = {
			isa = PBXFrameworksBuildPhase;
			buildActionMask = 2147483647;
			files = (
			);
			runOnlyForDeploymentPostprocessing = 0;
		};
/* End PBXFrameworksBuildPhase section */

/* Begin PBXGroup section */
		1571E9511D11F16C00C7AF33 = {
			isa = PBXGroup;
			children = (
				1571E95C1D11F16C00C7AF33 /* WatchIt */,
				1571E95B1D11F16C00C7AF33 /* Products */,
			);
			sourceTree = "<group>";
		};
		1571E95B1D11F16C00C7AF33 /* Products */ = {
			isa = PBXGroup;
			children = (
				1571E95A1D11F16C00C7AF33 /* WatchIt.app */,
			);
			name = Products;
			sourceTree = "<group>";
		};
		1571E95C1D11F16C00C7AF33 /* WatchIt */ = {
			isa = PBXGroup;
			children = (
				1571E95D1D11F16C00C7AF33 /* AppDelegate.swift */,
				1571E95F1D11F16C00C7AF33 /* ViewController.swift */,
				1571E9611D11F16C00C7AF33 /* Main.storyboard */,
				1571E9641D11F16C00C7AF33 /* Assets.xcassets */,
				1571E9661D11F16C00C7AF33 /* LaunchScreen.storyboard */,
				1571E9691D11F16C00C7AF33 /* Info.plist */,
			);
			path = WatchIt;
			sourceTree = "<group>";
		};
/* End PBXGroup section */

/* Begin PBXNativeTarget section */
		1571E9591D11F16C00C7AF33 /* WatchIt */ = {
			isa = PBXNativeTarget;
			buildConfigurationList = 1571E96C1D11F16C00C7AF33 /* Build configuration list for PBXNativeTarget "WatchIt" */;
			buildPhases = (
				1571E9561D11F16C00C7AF33 /* Sources */,
				1571E9571D11F16C00C7AF33 /* Frameworks */,
				1571E9581D11F16C00C7AF33 /* Resources */,
			);
			buildRules = (
			);
			dependencies = (
			);
			name = WatchIt;
			productName = WatchIt;
			productReference = 1571E95A1D11F16C00C7AF33 /* WatchIt.app */;
			productType = "com.apple.product-type.application";
		};
/* End PBXNativeTarget section */

/* Begin PBXProject section */
		1571E9521D11F16C00C7AF33 /* Project object */ = {
			isa = PBXProject;
			attributes = {
				LastSwiftUpdateCheck = 0730;
				LastUpgradeCheck = 0730;
				ORGANIZATIONNAME = "David Melvin";
				TargetAttributes = {
					1571E9591D11F16C00C7AF33 = {
						CreatedOnToolsVersion = 7.3.1;
					};
				};
			};
			buildConfigurationList = 1571E9551D11F16C00C7AF33 /* Build configuration list for PBXProject "WatchIt" */;
			compatibilityVersion = "Xcode 3.2";
			developmentRegion = English;
			hasScannedForEncodings = 0;
			knownRegions = (
				en,
				Base,
			);
			mainGroup = 1571E9511D11F16C00C7AF33;
			productRefGroup = 1571E95B1D11F16C00C7AF33 /* Products */;
			projectDirPath = "";
			projectRoot = "";
			targets = (
				1571E9591D11F16C00C7AF33 /* WatchIt */,
			);
		};
/* End PBXProject section */

/* Begin PBXResourcesBuildPhase section */
		1571E9581D11F16C00C7AF33 /* Resources */ = {
			isa = PBXResourcesBuildPhase;
			buildActionMask = 2147483647;
			files = (
				1571E9681D11F16C00C7AF33 /* LaunchScreen.storyboard in Resources */,
				1571E9651D11F16C00C7AF33 /* Assets.xcassets in Resources */,
				1571E9631D11F16C00C7AF33 /* Main.storyboard in Resources */,
			);
			runOnlyForDeploymentPostprocessing = 0;
		};
/* End PBXResourcesBuildPhase section */

/* Begin PBXSourcesBuildPhase section */
		1571E9561D11F16C00C7AF33 /* Sources */ = {
			isa = PBXSourcesBuildPhase;
			buildActionMask = 2147483647;
			files = (
				1571E9601D11F16C00C7AF33 /* ViewController.swift in Sources */,
				1571E95E1D11F16C00C7AF33 /* AppDelegate.swift in Sources */,
			);
			runOnlyForDeploymentPostprocessing = 0;
		};
/* End PBXSourcesBuildPhase section */

/* Begin PBXVariantGroup section */
		1571E9611D11F16C00C7AF33 /* Main.storyboard */ = {
			isa = PBXVariantGroup;
			children = (
				1571E9621D11F16C00C7AF33 /* Base */,
			);
			name = Main.storyboard;
			sourceTree = "<group>";
		};
		1571E9661D11F16C00C7AF33 /* LaunchScreen.storyboard */ = {
			isa = PBXVariantGroup;
			children = (
				1571E9671D11F16C00C7AF33 /* Base */,
			);
			name = LaunchScreen.storyboard;
			sourceTree = "<group>";
		};
/* End PBXVariantGroup section */

/* Begin XCBuildConfiguration section */
		1571E96A1D11F16C00C7AF33 /* Debug */ = {
			isa = XCBuildConfiguration;
			buildSettings = {
				ALWAYS_SEARCH_USER_PATHS = NO;
				CLANG_ANALYZER_NONNULL = YES;
				CLANG_CXX_LANGUAGE_STANDARD = "gnu++0x";
				CLANG_CXX_LIBRARY = "libc++";
				CLANG_ENABLE_MODULES = YES;
				CLANG_ENABLE_OBJC_ARC = YES;
				CLANG_WARN_BOOL_CONVERSION = YES;
				CLANG_WARN_CONSTANT_CONVERSION = YES;
				CLANG_WARN_DIRECT_OBJC_ISA_USAGE = YES_ERROR;
				CLANG_WARN_EMPTY_BODY = YES;
				CLANG_WARN_ENUM_CONVERSION = YES;
				CLANG_WARN_INT_CONVERSION = YES;
				CLANG_WARN_OBJC_ROOT_CLASS = YES_ERROR;
				CLANG_WARN_UNREACHABLE_CODE = YES;
				CLANG_WARN__DUPLICATE_METHOD_MATCH = YES;
				"CODE_SIGN_IDENTITY[sdk=iphoneos*]" = "iPhone Developer";
				COPY_PHASE_STRIP = NO;
				DEBUG_INFORMATION_FORMAT = dwarf;
				ENABLE_STRICT_OBJC_MSGSEND = YES;
				ENABLE_TESTABILITY = YES;
				GCC_C_LANGUAGE_STANDARD = gnu99;
				GCC_DYNAMIC_NO_PIC = NO;
				GCC_NO_COMMON_BLOCKS = YES;
				GCC_OPTIMIZATION_LEVEL = 0;
				GCC_PREPROCESSOR_DEFINITIONS = (
					"DEBUG=1",
					"$(inherited)",
				);
				GCC_WARN_64_TO_32_BIT_CONVERSION = YES;
				GCC_WARN_ABOUT_RETURN_TYPE = YES_ERROR;
				GCC_WARN_UNDECLARED_SELECTOR = YES;
				GCC_WARN_UNINITIALIZED_AUTOS = YES_AGGRESSIVE;
				GCC_WARN_UNUSED_FUNCTION = YES;
				GCC_WARN_UNUSED_VARIABLE = YES;
				IPHONEOS_DEPLOYMENT_TARGET = 9.3;
				MTL_ENABLE_DEBUG_INFO = YES;
				ONLY_ACTIVE_ARCH = YES;
				SDKROOT = iphoneos;
				SWIFT_OPTIMIZATION_LEVEL = "-Onone";
			};
			name = Debug;
		};
		1571E96B1D11F16C00C7AF33 /* Release */ = {
			isa = XCBuildConfiguration;
			buildSettings = {
				ALWAYS_SEARCH_USER_PATHS = NO;
				CLANG_ANALYZER_NONNULL = YES;
				CLANG_CXX_LANGUAGE_STANDARD = "gnu++0x";
				CLANG_CXX_LIBRARY = "libc++";
				CLANG_ENABLE_MODULES = YES;
				CLANG_ENABLE_OBJC_ARC = YES;
				CLANG_WARN_BOOL_CONVERSION = YES;
				CLANG_WARN_CONSTANT_CONVERSION = YES;
				CLANG_WARN_DIRECT_OBJC_ISA_USAGE = YES_ERROR;
				CLANG_WARN_EMPTY_BODY = YES;
				CLANG_WARN_ENUM_CONVERSION = YES;
				CLANG_WARN_INT_CONVERSION = YES;
				CLANG_WARN_OBJC_ROOT_CLASS = YES_ERROR;
				CLANG_WARN_UNREACHABLE_CODE = YES;
				CLANG_WARN__DUPLICATE_METHOD_MATCH = YES;
				"CODE_SIGN_IDENTITY[sdk=iphoneos*]" = "iPhone Developer";
				COPY_PHASE_STRIP = NO;
				DEBUG_INFORMATION_FORMAT = "dwarf-with-dsym";
				ENABLE_NS_ASSERTIONS = NO;
				ENABLE_STRICT_OBJC_MSGSEND = YES;
				GCC_C_LANGUAGE_STANDARD = gnu99;
				GCC_NO_COMMON_BLOCKS = YES;
				GCC_WARN_64_TO_32_BIT_CONVERSION = YES;
				GCC_WARN_ABOUT_RETURN_TYPE = YES_ERROR;
				GCC_WARN_UNDECLARED_SELECTOR = YES;
				GCC_WARN_UNINITIALIZED_AUTOS = YES_AGGRESSIVE;
				GCC_WARN_UNUSED_FUNCTION = YES;
				GCC_WARN_UNUSED_VARIABLE = YES;
				IPHONEOS_DEPLOYMENT_TARGET = 9.3;
				MTL_ENABLE_DEBUG_INFO = NO;
				SDKROOT = iphoneos;
				VALIDATE_PRODUCT = YES;
			};
			name = Release;
		};
		1571E96D1D11F16C00C7AF33 /* Debug */ = {
			isa = XCBuildConfiguration;
			buildSettings = {
				ASSETCATALOG_COMPILER_APPICON_NAME = AppIcon;
				INFOPLIST_FILE = WatchIt/Info.plist;
				LD_RUNPATH_SEARCH_PATHS = "$(inherited) @executable_path/Frameworks";
				PRODUCT_BUNDLE_IDENTIFIER = com.FBU.WatchIt;
				PRODUCT_NAME = "$(TARGET_NAME)";
			};
			name = Debug;
		};
		1571E96E1D11F16C00C7AF33 /* Release */ = {
			isa = XCBuildConfiguration;
			buildSettings = {
				ASSETCATALOG_COMPILER_APPICON_NAME = AppIcon;
				INFOPLIST_FILE = WatchIt/Info.plist;
				LD_RUNPATH_SEARCH_PATHS = "$(inherited) @executable_path/Frameworks";
				PRODUCT_BUNDLE_IDENTIFIER = com.FBU.WatchIt;
				PRODUCT_NAME = "$(TARGET_NAME)";
			};
			name = Release;
		};
/* End XCBuildConfiguration section */

/* Begin XCConfigurationList section */
		1571E9551D11F16C00C7AF33 /* Build configuration list for PBXProject "WatchIt" */ = {
			isa = XCConfigurationList;
			buildConfigurations = (
				1571E96A1D11F16C00C7AF33 /* Debug */,
				1571E96B1D11F16C00C7AF33 /* Release */,
			);
			defaultConfigurationIsVisible = 0;
			defaultConfigurationName = Release;
		};
		1571E96C1D11F16C00C7AF33 /* Build configuration list for PBXNativeTarget "WatchIt" */ = {
			isa = XCConfigurationList;
			buildConfigurations = (
				1571E96D1D11F16C00C7AF33 /* Debug */,
				1571E96E1D11F16C00C7AF33 /* Release */,
			);
			defaultConfigurationIsVisible = 0;
		};
/* End XCConfigurationList section */
	};
	rootObject = 1571E9521D11F16C00C7AF33 /* Project object */;
}
